{
  "version": "4",
  "specifiers": {
    "npm:markdown-table@^3.0.3": "3.0.4",
    "npm:prettier@^3.1.0": "3.3.3",
    "npm:typescript@5": "5.6.3"
  },
  "npm": {
    "markdown-table@3.0.4": {
      "integrity": "sha512-wiYz4+JrLyb/DqW2hkFJxP7Vd7JuTDm77fvbM8VfEQdmSMqcImWeeRbHwZjBjIFki/VaMK2BhFi7oUUZeM5bqw=="
    },
    "prettier@3.3.3": {
      "integrity": "sha512-i2tDNA0O5IrMO757lfrdQZCc2jPNDVntV0m/+4whiDfWaTKfMNgR7Qz0NAeGz/nRqF4m5/6CLzbP4/liHt12Ew=="
    },
    "typescript@5.6.3": {
      "integrity": "sha512-hjcS1mhfuyi4WW8IWtjP7brDrG2cuDZukyrYrSauoXGNgx0S7zceP07adYkJycEr56BOUTNPzbInooiN3fn1qw=="
    }
  },
  "workspace": {
    "packageJson": {
      "dependencies": [
        "npm:markdown-table@^3.0.3",
        "npm:prettier@^3.1.0",
        "npm:typescript@5"
      ]
    }
  }
}
