# This file was autogenerated by Stack.
# You should not edit this file by hand.
# For more information, please see the documentation at:
#   https://docs.haskellstack.org/en/stable/lock_files

packages:
- completed:
    hackage: containers-0.7@sha256:e9b5fdcc609159410d408c47e0be13663bb0b4a42a5183b52aa0ac9c99e1dfec,2668
    pantry-tree:
      sha256: 265b0a6110df990b5f9f04d21856333ed5ed66f37a4b0a0215901d831f69629b
      size: 2954
  original:
    hackage: containers-0.7
snapshots:
- completed:
    sha256: e176944bc843f740e05242fa7a66ca1f440c127e425254f7f1257f9b19add23f
    size: 712153
    url: https://raw.githubusercontent.com/commercialhaskell/stackage-snapshots/master/lts/22/0.yaml
  original:
    url: https://raw.githubusercontent.com/commercialhaskell/stackage-snapshots/master/lts/22/0.yaml
